
Microsoft Visual Studio Solution File, Format Version 12.00
# Visual Studio Version 17
VisualStudioVersion = 17.10.35013.160
MinimumVisualStudioVersion = 10.0.40219.1
Project("{FAE04EC0-301F-11D3-BF4B-00C04F79EFBC}") = "Respuestas HTTTP", "Respuestas HTTTP.csproj", "{80970889-5E7B-4932-A11F-A5F54D8B49E2}"
EndProject
Global
	GlobalSection(SolutionConfigurationPlatforms) = preSolution
		Debug|Any CPU = Debug|Any CPU
		Release|Any CPU = Release|Any CPU
	EndGlobalSection
	GlobalSection(ProjectConfigurationPlatforms) = postSolution
		{80970889-5E7B-4932-A11F-A5F54D8B49E2}.Debug|Any CPU.ActiveCfg = Debug|Any CPU
		{80970889-5E7B-4932-A11F-A5F54D8B49E2}.Debug|Any CPU.Build.0 = Debug|Any CPU
		{80970889-5E7B-4932-A11F-A5F54D8B49E2}.Release|Any CPU.ActiveCfg = Release|Any CPU
		{80970889-5E7B-4932-A11F-A5F54D8B49E2}.Release|Any CPU.Build.0 = Release|Any CPU
	EndGlobalSection
	GlobalSection(SolutionProperties) = preSolution
		HideSolutionNode = FALSE
	EndGlobalSection
	GlobalSection(ExtensibilityGlobals) = postSolution
		SolutionGuid = {AA5510A7-1AFD-4B04-8E2B-BB8AFEC88F68}
	EndGlobalSection
EndGlobal
